version: 1
checksums:
  6e5d4588d3bbab543ff2cf0311bad438:
    md-section-0: 3997fb9b446814f4b649e1003bd6d8b0
    md-section-1: 49c740ad1d86fea5d94c4dbf96cefad1
    md-section-2: 345b463054f8a0d17ea08092ad4016fa
    md-section-3: 44862036e668d66cc1f11ad0d0e527cb
    md-section-4: 16118b85bbeb264f15d3d7638e03676e
    md-section-5: e8e2682dd0f149eae4879a36c8246935
    md-section-6: 603bd28628d80474d54a1ad3231d392b
    md-section-7: 27494977decf0aacd49fd9226a438e46
    md-section-8: f2a56cd7fd38bb07e22a04b9431be8b1
    md-section-9: 1868a8169ea6c96407d3e3566ce9b88f
    md-section-10: feaf917ee8232884a94be229245f40bd
    md-section-11: 9c02e1ab81cf2ef6ec3c19e5a5e9be32
    md-section-12: 0e7c3c559adc1f0c6cd8c9d950c67321
    md-section-13: 26aa82fae7840a95e427ae208a87c62c
    md-section-14: 2be1cdc8ba5ccbf0bd27c6e74dcd8fd0
    md-section-15: 3dd5b8516a36b8e39dfc9fc62968e864
    md-section-16: b5f231c66ae9c9c163df5ead3c88bd2d
    md-section-17: fb0ac1bcc1be66aa6e0eab74ebd48630
    md-section-18: cbc757a2710c96d29671c7f036cc9255
    md-section-19: 7d11ac047bde56452f81ffb09af0d5c8
    md-section-20: 1431ba5c57db232a793f1eb0ae960daa
    md-section-21: e32bd307db7e742f8875bbcc81b590e1
    md-section-22: 68bce85fea49437b75a97532b3b82e02
    md-section-23: 9c26bdfefc5ab06f31e85290763374a6
    md-section-24: cb183800376fb8050588c3c11b52a8db
    md-section-25: 94e2bafff128ccd824938e0905a79b8b
    md-section-26: 5982e2f3cadbdc23f9dbc0ad1b0b9b8c
    md-section-27: c27f5f332bb262454d8c18a6e4342e9a
    md-section-28: 69984961270a206074d4371e599be610
    md-section-29: e86d516b2e47d3c95450c34c91efab06
    md-section-30: 045997fc72164f9b53fc651e2fd49ee5
    md-section-31: 494e91f7d469d8905cba882c0a1e8737
    md-section-32: 0cbca7a1c195555efaeeaf8687fa1d87
    md-section-33: e3d3b8fdbae3209be8b7d00f41fcb7bb
    md-section-34: 788f6a94e381a614e11307f1972666fa
    md-section-35: 7990174d0c6ee3c080a77cb4e24524e1
    md-section-36: 5cf79ba3b2689e0e12f1d93ac4ec378f
    md-section-37: bf0734501c413a250f6dd20874e0cd9c
    md-section-38: 71c6e51689592f8d027dd94c64144ef3
    md-section-39: 52eaf2ac0dbc1a0568dea0a82e7aa4cd
    md-section-40: 84e3a90c293068988d0fefb4f8210e8c
    md-section-41: 3ce491390487e21156a0fe8e37c7b5d2
    md-section-42: 484ac3aa8b5f17c10b475ded69d3f044
    md-section-43: 108e93e14371910a402a8b2415a05a51
    md-section-44: 988b2ac4fbc5f8db41a12dfc8860836a
    md-section-45: 788f6a94e381a614e11307f1972666fa
    md-section-46: cec986069122d876e6e730a7e183d49e
    md-section-47: 316993ecb9f963da5cef24a5c223308e
    md-section-48: 373305f33e8a158ee250768aca63e57c
    md-section-49: 322a444ba73c03eb6f6d6aa39a1ba037
    md-section-50: dc60bfaae15103d54801126c79426041
    md-section-51: b73ff01c584f3ed97715949683bd4588
    md-section-52: 6e1738dd7497d482267cae51b7840aa6
    md-section-53: 534a0753c570fa62f6835a3dcda3e786
    md-section-54: f6da71da4f303f3674c2c92954aa679e
    md-section-55: 8963eb247dcbb3d87444486ff1ce0420
    md-section-56: d7587c6fbe012824a2c38b656ff3b97c
    md-section-57: 79ddc6184ba6d0d4ffe65e02f7e51dac
    md-section-58: 2158b78fff1758a86402cccf441d9881
    md-section-59: e3f8bf8103a1c6da2279a15438eb2bc7
    md-section-60: 8d4dc8b262480d3fdec31ac2d917e3c2
    md-section-61: e0e79d6d22d015bc2772cacc2fe5035e
    md-section-62: 13ba893ddb656f71d674afec7d3903f1
    md-section-63: a778f5d6adc1851d13e5b67ac6acf86c
    md-section-64: cdf6e480c3929f11bdea2b8ea5427cff
    md-section-65: c7d7c6e50e4aa0a4545a065fb0fd7d98
    md-section-66: 032fa0633dd86268eaee0bb1b4589958
    md-section-67: 4a18abc8143c36846e5f3bb3b779e149
    md-section-68: feaf917ee8232884a94be229245f40bd
    md-section-69: 86dcae8df10adadc7b4afcd540388ca4
    fm-attr-title: 8b527f24caf120df6643370e3c293b5c
    fm-attr-description: e1604017f291aa4eb381b5ce6d6d8c39
  10df5f085c954d2371120817eebc41e1:
    md-section-0: 1840251a6efeb4969298a4b378f6538c
    md-section-1: 44862036e668d66cc1f11ad0d0e527cb
    md-section-2: 0d97f8d839bb084a62ea18da0abcdad9
    md-section-3: 9fb8fa24b63b23e68f7aacdda32c698d
    md-section-4: 0c786d52adbf0f9f1fa5c5429f04eba1
    md-section-5: e44c2353990371e844288a80532f3194
    md-section-6: 90b2ddf8248258e878dd391968338ac9
    md-section-7: d16a3f5b76ae58f8dea4349b3921f7cf
    md-section-8: f3db2ec2d5afed6452b18b259af0d38f
    md-section-9: 2551494777e6d68469594b7e6c3e6e10
    md-section-10: d11192d9effbe04d557351420d66f81f
    md-section-11: 7830ca3946857346e60792fd392596c1
    md-section-12: 4a99afba947e94b3952c1394ad457fd2
    md-section-13: 9ed111e76ad230f50f24459272cc4103
    md-section-14: db602592306f50c3dc9ab394e0171294
    md-section-15: f524dc3480b283f45a4f15cbc8872e99
    md-section-16: 65b7c7cd9ae92f68161aa6e6425a9a4c
    md-section-17: f5d9e050dde79ca92e288e422da0650b
    md-section-18: 1a0440a9f585f109ecfd7716d53eb38f
    md-section-19: 903480ecc96bcf5911d798e196c5c5b9
    md-section-20: 3cf1ced78638176a7db3684b3dfeda19
    md-section-21: 60e0c661e120e4409b3b991423f278e6
    md-section-22: c3303f9b3c5373127c7894cb6022bcc4
    md-section-23: 5d2c10a5ba2fac3a621aa4da2e489865
    md-section-24: 94803cb03038ee3d7b9a933b8b0425a2
    md-section-25: c43bf6ac6d28735e986dda69da9df6a0
    md-section-26: b250b15d55228ffc1ba6191746ae1fcb
    fm-attr-title: ed163db0ad49e3c9337cd63417a8d112
    fm-attr-description: 81de17ceb16fb24dee57c8b87f6e8b58
    fm-attr-h1: 3ff9bc9b9ee8c56caf847534a993799a
  2982748acf81a9de17cdbbad6f99d319:
    md-section-0: 7ad28c63bfad63b4bb86c1136bc0decd
    md-section-1: e486881bfb52f5d860ef31613b651fe4
    md-section-2: f0b6aa53ea00ce392197e2ad16cec278
    md-section-3: 44862036e668d66cc1f11ad0d0e527cb
    md-section-4: 06240368b123620bdcc378829b71561b
    md-section-5: 8fb6fe5622d1686fdb91586e6117bb40
    md-section-6: 8378fcb094a2b768ea2c363969238a02
    md-section-7: d27d647592c126e2b409d01402de89f0
    md-section-8: 9cc60d835b5b154408a7f92c96850a06
    md-section-9: 9a31f08d4bcba75a5913d95e4878e715
    md-section-10: 8b711ba9fa5a0c0fa993d5ece9b9ac70
    md-section-11: 8a7c3dedf78961ddfc10b4bf254e905c
    md-section-12: 877d1594054fc46582e0d22e14bdbfa8
    md-section-13: 28a5a0aa72602b83fce4952b86629384
    md-section-14: 7a82ecd5f559e4b3fcec0079cf4cb5d1
    md-section-15: 99b945f501a0e227f475caa2570a6191
    md-section-16: 5b032b5aaafabd3c294f8312523ff797
    md-section-17: 7dd0f4545c1a525270910aa66fc5b069
    md-section-18: 144cfa486c34b59db7c3a1421f491c54
    md-section-19: 28ac7d5588ea53381a44ede16f151977
    md-section-20: 816770fb773c5a2c4b9ee0f30f8aa202
    md-section-21: 6d9fbc177fa64106fd5c1fd46673c6be
    md-section-22: 08776041498272c7946afd9490a98e61
    md-section-23: 42aba569680332718ce139b8cf68a84f
    md-section-24: 11326f557b182d706d1e2e25ae96be9b
    md-section-25: 010d6119bcdb128c5a797d7d51b14e6d
    md-section-26: 186a98b22c7aeccb42043d189e6a36f0
    md-section-27: 80a916e7b541b2da69c592d941936c5a
    md-section-28: 37d6306e2c660f176febda70c5da8259
    md-section-29: 9959d56e7bce572df8f0874dc709a0a8
    fm-attr-title: a1be9f30082e74fb6c54362ae5490986
    fm-attr-description: e68f4fc1fad63e750c495e0e7c531673
    fm-attr-h1: 8845eb2512c1d73984b1acf4b564fff8
  8e6e9779ff90f84a537d0441436d5f52:
    md-section-0: dc2e24c793698ec52645d609094c7bd8
    md-section-1: 481e9de2f98db3d6150e4e1fbdfb576e
    md-section-2: 8f82c0342479de93a9ace044225ac33b
    md-section-3: bb5119abfce83aae3533244603d4e3f0
    md-section-4: a212289b15477aac9f4bc606baa12280
    md-section-5: 8ab17c6ce55e74e4ed04b945f702fbce
    md-section-6: 6c45834abf4bfe132e1336679ed50cc5
    md-section-7: 2e23be8b3cd45eb401bd1ba66cfa4c97
    md-section-8: bf6517e86155d7c2b81509518ef60e4b
    md-section-9: 53df920b13859a8fbcca702697088adb
    md-section-10: 1593a6487431b67b7c487b846b583cce
    md-section-11: c584fe3ac4a7b33b1049f012a92778d5
    md-section-12: c7fb84d9860258dc41fdf6a03ee955b5
    md-section-13: f9a0409d4cbd9c48dbbd68074ea83042
    md-section-14: 801a06099f1f09411bf3349f961aa631
    md-section-15: e14ac7fbe8bbae61ffaadf1b773dc183
    md-section-16: 0147c4a54f88151a9d7752cda0b0e1ec
    fm-attr-title: 2cbdc3fc23ac4d0ab79214c2bd4c4b9b
    fm-attr-description: b091998448a4affc1ce1f771f3ee6583
  bab959b4727465d6a7a96d6ed9ed4e8f:
    md-section-0: 0ba400a8a83299886e047d97f6d09bdc
    md-section-1: 44862036e668d66cc1f11ad0d0e527cb
    md-section-2: fc2ee067faeb7052611e7ff53fd02b40
    md-section-3: 9bbb3ced20a1ac7258934fff83689032
    md-section-4: baeeb574ca0dbe9e1cb5b8a6993d2620
    md-section-5: 6027afdfa755a3c367bb441989b7bbe7
    md-section-6: 037b2cb3bb386a01729f011890690539
    md-section-7: d6c4dcf055400033a27d3d781209b287
    md-section-8: 9cd0fe82b686a1421abf16438d7b3dab
    md-section-9: 8ba27301d8c87d4026d978e10a2c2e3e
    md-section-10: eaa18b48ebbbdc527576bbce393cd749
    md-section-11: 1a4010a8e39ca0064d26f3a66f4a8e0b
    md-section-12: b2c0ca3e2908eaaaac85b82b5cf03c9a
    md-section-13: 85e1c01ca6f2a7c302ad66c7552a1cae
    md-section-14: 6d9c64949a44b5cb7d94b2f8578b1086
    md-section-15: 394a42d7cbaad315d9e315d0f7d062ec
    md-section-16: 188bd10adbb4a12e55aa27b289648b69
    md-section-17: a980467166d101913a840358a77ccef0
    md-section-18: 73064c5714ac628fa7c7e8f70aac82a9
    md-section-19: df82edbb293bc924023ff6a80f55cefe
    md-section-20: f6669e854d85a6247480bb94fe435720
    md-section-21: 38bf9506d749144d21d206c68c24b99a
    md-section-22: 95c51fe4a11a2a79010029f84781cd0e
    md-section-23: 5cbf6aaa4e3f1e96429da3c381e0216e
    md-section-24: 19e110f4d38fc8a2021ee86cb9be38bd
    md-section-25: b976bc34dcdea19594c27034bc807a61
    md-section-26: 89c43292375275a21dcfcba55fb07c26
    fm-attr-title: fc829e6d2f01d9def1aa0068d70c0851
    fm-attr-description: 415e21566e7b1c575ca7fce912cb71b9
  c8fc475e2cedd11c5c02a617a5bfea2d:
    md-section-0: 01639c3e3f47c0c54ed59ac5ab5981bf
    md-section-1: e1df13816031a88a0c1879b0febb159c
    md-section-2: 44862036e668d66cc1f11ad0d0e527cb
    md-section-3: 079ff63f45d387948de517c6d542eabf
    md-section-4: 28b0f34fcda052ca3e88b16fb1ec7492
    md-section-5: 633bb9427526585b4bbaba5e9e008d80
    md-section-6: a01727e9554545cb6d8b67022278b778
    md-section-7: 94e2bafff128ccd824938e0905a79b8b
    md-section-8: 5a219c2e1c20ab366bb2df969ff5e323
    md-section-9: 79d6e107dd694b2d4d7cc8fb07999f47
    md-section-10: 56ea1a8c7052907a6b1ab00469769d4e
    md-section-11: 3ea513b4d90f50052c7cfb2862a363d5
    md-section-12: e46103f081eadcba12cf34f5a953caf5
    md-section-13: 34fd52ac4cea35b66bdbb8dade50598f
    md-section-14: d8f8ed2c474e8f8a16d3d639fcee89c7
    md-section-15: 94e2bafff128ccd824938e0905a79b8b
    md-section-16: 8aabee82ef8e37980f22ea69291cdae6
    md-section-17: 34473cd7d29d8f4323f2e683fa9c913e
    md-section-18: 1933ee9a6ca52f6119df9c03a598a737
    md-section-19: 8499dd3cee3f4255f1b8f56cff4c3196
    md-section-20: 56ea1a8c7052907a6b1ab00469769d4e
    md-section-21: 5ef8373094e77b9f358375d7275e8c22
    md-section-22: e46103f081eadcba12cf34f5a953caf5
    md-section-23: 115ff0cd321770db9665ec987b8cc123
    fm-attr-title: 3587307a9172c78b4a1a8e9e9a02f253
    fm-attr-description: fb04d673945481c8ba12b7fae73589ba
    fm-attr-h1: fa6aa0d1621a0e8a74ccedf6f998c141
  2481d644388888d762a83f7013631922:
    md-section-0: dc73d85c6400585a0d9aa4d43b97a332
    md-section-1: d3c4aab11d7d1b54ad899d271b22b5ca
    md-section-2: 44862036e668d66cc1f11ad0d0e527cb
    md-section-3: 906c7758d53ffd2ad97277aa0dab06a8
    md-section-4: ccf84a70e0d1897a649e7e228f658495
    md-section-5: db91e97c13936b627fc398a59eb62f1b
    md-section-6: ab32a9a045435415df24d52270111c2e
    md-section-7: 74af6d92ba9cbafd05a66b69eaac6a67
    md-section-8: f617dade34b2af93fbaa55b5900d8edb
    md-section-9: 1f03234db15dedd83eaee97b78d55b93
    md-section-10: 79c916c78afd6a28169c6b1c3f08f399
    md-section-11: 31596cba386134f428b5086a61dc507f
    md-section-12: a473bd42069d5465e2b6d0d32ab28076
    md-section-13: b1000302a3b634a3580c7d0678262f25
    md-section-14: 3765ef4e16a5c6a0a2a4e450578622b2
    md-section-15: 2a1a3c62cb2972a181a446641442747f
    md-section-16: abb663e52d3acad7e5c9f4a1d2852eb5
    md-section-17: 5836cf42421f268b9ca1be1bff169f21
    md-section-18: bd55ac20c7a7460d1a988cc3b1a664d0
    md-section-19: eb53645653f13178c6a90fe9b64b832c
    md-section-20: 65a5de2981b6481dd862b04b6c34498c
    md-section-21: b9ab6139bd2f201b70c4c4f0c3457de9
    md-section-22: 014f4f7d59b99a0f4b1159fca811e40e
    md-section-23: c34ec1e9dbaa47647498c58525b4be1e
    md-section-24: 6cfcffdfb9b2d58e5edd35ec4b0ba8e7
    md-section-25: 2b2d82eb4e0c07f3000fab7ff4f4bd2d
    md-section-26: 017e753e1fd63fbe39c890d3b66f0ffc
    md-section-27: 05bce85f445cab49056e51ff0303b60c
    md-section-28: 33945a2d484c2d3ba2c755964fef4fe3
    md-section-29: 247b425dde47c7f6c9cdc08c9c2ba650
    md-section-30: 25faaca4c694d6abee1e5e663f26d89f
    md-section-31: acf03e6449687d91f1c60b7785c8b8d3
    md-section-32: 5ebd09a420f42a027cdec6fd3faa32d7
    md-section-33: efe7749864eeee3a7a4fe5af62ba3bf1
    md-section-34: e15a4c5c1d62006d0e1ee81bc846e5af
    md-section-35: 6b0a90bfbebe8b1b1b2dd1da1d47ac6a
    md-section-36: dd8a0c870afde8ae6b3530fa306ff0df
    md-section-37: 1bf5e5fb3d93ea14e20693fbe3f2e8b9
    md-section-38: 5435b8e7d6dc73bb2abf53edf74404d9
    md-section-39: 82c76aa130adb7669f33ee9f10ec929a
    md-section-40: 1c87712117926eff574f13b137ce12c3
    fm-attr-title: d289229be324981740227582c68df854
    fm-attr-description: 162f86f6b5c7cd4e12e07eee3a53d793
  1fdba77c6d06065988826c771295f003:
    title: 2cbdc3fc23ac4d0ab79214c2bd4c4b9b
    pages/0: 5a95ac064d9f938b01d77688347ee215
    pages/1: 197d684c00d912dbd53fbe81ff962217
    pages/2: f418913af6189e44d742923d02f77a16
    pages/3: 5db07e45f963877ddccfefd0d0ca6b24
    pages/4: 6bd0a4bea90b86716f8e60fb3b7139f8
    pages/5: a1ebd699267a8e2336efeee94a8fe97f
