version: 1
files:
  content/docs/en/core/accounts.mdx:
    content: 461042da732658df52490c1e4cb466e5
  content/docs/en/core/cpi.mdx:
    content: e786db23e028f60ab2577a4d7974195b
  content/docs/en/core/fees.mdx:
    content: d80ea8459da66d7085bfb509e449f74d
  content/docs/en/core/index.mdx:
    content: 9a425da1222f22ebaca9d21e1d30a203
  content/docs/en/core/pda.mdx:
    content: 167267020f3ca10c2f8672f9251f47ab
  content/docs/en/core/programs.mdx:
    content: 477fa95315cdedb725c4ae8a56f9225e
  content/docs/en/core/transactions.mdx:
    content: 2daaa2647ec8527d2c1cf940b38f3760
