version: 1
checksums:
  92fb1e025208162730fb11c21979e4c6:
    accelerate/title: ac351774cc236a8e01348bfc87138361
    accelerate/subtitle: 295841c29421564ba487313eb866079d
    accelerate/date: 05774587b7b7ee97d28a3246d47580d8
    accelerate/venue: 70ccaec4a1144a60766657bbdf073e42
    accelerate/address: 604fc411412cebc64791aae2619a697a
    accelerate/time: 46b749403658c6f96ba5384c1bf937fb
    accelerate/tickets: e7853faa210b264c5fdccb161682ed15
    accelerate/eventDetails: c12d4fb6e717dbbc8768e887d0bb173d
    accelerate/ticketsSection: 2c5858dae0aac035b93e2a96e669c34c
    accelerate/speakersSection: 146c995db952d80d3c632a72d8961937
    accelerate/sponsorsSection: 597c646b3f4d05fe05211361258699c1
    accelerate/faqSection: 47e0ee2eb40b4e7e732e05e2233fc71c
    accelerate/gettingThere: 565fcd64c167fe32f45e469e57639322
    accelerate/dontMiss: 777f42245c08b3651de2dea5aee5a332
    accelerate/solanaAccelerate: d2c4ea1c2927b6a3dd6d64ae3e3b907c
    accelerate/limitedTickets: 887f4ab4baf021213aa5c62721069d76
