version: 1
checksums:
  92fb1e025208162730fb11c21979e4c6:
    accelerate/nav/speakers: 146c995db952d80d3c632a72d8961937
    accelerate/nav/agenda: 97fa40d6aa86300bfce8e4978a21087d
    accelerate/nav/sponsors: 597c646b3f4d05fe05211361258699c1
    accelerate/nav/faq: 47e0ee2eb40b4e7e732e05e2233fc71c
    accelerate/nav/requestToJoin: f93fa04c06c57e76d4bfb3dc2c6f78e0
    accelerate/nav/menu: 520968a9770cddeb6d339c0fcbd70240
    accelerate/nav/closeMenu: ec0f56ea3b39e28bc1aca998f4321a11
    accelerate/nav/openMenu: 44c5ee3792630e3dfcaae5b52a81ef32
    accelerate/hero/dateLocation: de0b0857713468d23d04a6c54b3c1bc8
    accelerate/hero/title: ac351774cc236a8e01348bfc87138361
    accelerate/eventDetails/intro: ded8a9134366c5436df906f0d4da4578
    accelerate/eventDetails/heading: c12d4fb6e717dbbc8768e887d0bb173d
    accelerate/eventDetails/dateLabel: 56f41c5d30a76295bb087b20b7bee4c3
    accelerate/eventDetails/dateValue: a91f533c488fdbce38166efd50fb9950
    accelerate/eventDetails/venueLabel: 84eb9507e59da5de3cac7eb5a4bf5132
    accelerate/eventDetails/venueValue: 70ccaec4a1144a60766657bbdf073e42
    accelerate/eventDetails/venueAddress: 39a4841f7699bed4dfdef39cf9e4673e
    accelerate/eventDetails/timeLabel: b504a03d52e8001bfdc5cb6205364f42
    accelerate/eventDetails/timeValue: 928cd7a0bf8040ece76766be47f6dd26
    accelerate/eventDetails/focusTopics/payments/title: 1ce1a8d31ed709fb29fce2057045d104
    accelerate/eventDetails/focusTopics/payments/desc: c72db731fb45006edb4c1966a1ef319d
    accelerate/eventDetails/focusTopics/retailAccess/title: 7a2cc26c213a4c7962c8cba33de3bab1
    accelerate/eventDetails/focusTopics/retailAccess/desc: 424a6b4818cab2b3d8e61ba09426a279
    accelerate/eventDetails/focusTopics/institutionalFinance/title: c9078d9817eb3f6f7fbbd0623af85bfa
    accelerate/eventDetails/focusTopics/institutionalFinance/desc: 63a8ec585353c089c835e05dd65eb325
    accelerate/eventDetails/focusTopics/infrastructure/title: 1a2786f84d5ac41ab942b7cf4ab4b36a
    accelerate/eventDetails/focusTopics/infrastructure/desc: 22a55e7fb6b9f2f1a13820df6ecd805d
    accelerate/eventDetails/focusTopics/sellTheAsset/title: 2849b2a509b58d475aa881a959555840
    accelerate/eventDetails/focusTopics/sellTheAsset/desc: 7a06bc047f9a3f357779b8d3ec5ec680
    accelerate/agendaBanner/eyebrow: bca60669a26c769758f68e5d75d2d462
    accelerate/agendaBanner/heading: 65b9b062c551ed9a7139f821aa9b5787
    accelerate/agendaBanner/headingHighlight: 97fa40d6aa86300bfce8e4978a21087d
    accelerate/agendaBanner/description: ae5a94a7f0c5f25095fd542a23c81aa4
    accelerate/agendaBanner/sessionsCount: c5c3613ecedcc98c0b8cb02b80dc6768
    accelerate/agendaBanner/sessionsLabel: c775652cb31428e3d673d928f2f644d7
    accelerate/agendaBanner/speakersCount: 1e305c6d78e0699dcf00db094175734d
    accelerate/agendaBanner/speakersLabel: 146c995db952d80d3c632a72d8961937
    accelerate/agendaBanner/fullDayLabel: 421e452829cd8c5ef1ca7d3b83c0ac2f
    accelerate/agendaBanner/viewFullAgenda: eb02abe849b47e27a1d80b1d2d4b72ab
    accelerate/speakers/heading: 146c995db952d80d3c632a72d8961937
    accelerate/speakers/searchPlaceholder: 47dfda94c71c4cf6ac5de540f6d403a6
    accelerate/speakers/clear: d4c069de3111b7a5df96f3703f199f2f
    accelerate/speakers/clearFilters: 8f40ab5af527e4b190da94e7b6221379
    accelerate/speakers/showLess: 377af19e130feb94abe6fc3d281b55fd
    accelerate/speakers/seeAll: f8a67dcc51d2ebefb5dc6140e8e5e89d
    accelerate/speakers/noResults: 756735e84e17d9e0058740bcb1c0f52f
    accelerate/speakers/clearFiltersToSeeAll: 6c8674c150169ada32cb7c74e52c660e
    accelerate/sponsors/heading: 597c646b3f4d05fe05211361258699c1
    accelerate/sponsors/becomeSponsor: 4e1f03a8c3d4689c129d9ff99a651f7d
    accelerate/sponsors/sponsorProfile: 583cda1321544baf62a4182333c3e297
    accelerate/sponsors/sponsorProfileName: 343f76070a175920c8c9b7590927c682
    accelerate/sponsors/selectSponsor: 50080e963630fa88323178fda0c2e1c0
    accelerate/sponsors/loadingProfile: 9e530613d25c0328395f34075bf1ae86
    accelerate/sponsors/loadError: f7390b57d120abcc200e8ebde27bac62
    accelerate/sponsors/about: 944521eeeed2511833d2299931273c71
    accelerate/sponsors/noDescription: 0af2dc389c34f9b83e54f81430a89479
    accelerate/sponsors/noGridProfile: 7c66f1523c72300407b1cc072582a8b2
    accelerate/sponsors/gridProfileNotReturned: e1d4780a274e07ab6de0347edb3d4374
    accelerate/sponsors/website: da6a6168f21a28ccf2eb29a033d16bd4
    accelerate/sponsors/dataPage: 629f8e75a43e61a1dc32e39ef58bdfe5
    accelerate/sponsors/openProfile: 9dfacf777ef8326b1a4eaca813606042
    accelerate/faq/heading: 47e0ee2eb40b4e7e732e05e2233fc71c
    accelerate/faq/items/q1/question: 4da52042a2529f481f23267196e065fe
    accelerate/faq/items/q1/answer: 1b778a056050822421bb285df8342bfb
    accelerate/faq/items/q2/question: 0ea59587620fe69af36b50cea9223338
    accelerate/faq/items/q2/answer: 8d903439f93fc7abb3065e1188d749cb
    accelerate/faq/items/q3/question: 082f13f0ae682d775013ddc0b560e800
    accelerate/faq/items/q3/answer: 479ecc11c241e2bfc3e6ab5af87cd9f7
    accelerate/faq/items/q4/question: f2eead6476d5b735169af3ee5fae961f
    accelerate/faq/items/q4/answer: ae69e5c793168bd7f3421dd664b612ca
    accelerate/gettingThere/heading: 565fcd64c167fe32f45e469e57639322
    accelerate/gettingThere/nearestAirportLabel: d87c9583af7c87aab458d7f1d3b0ba6a
    accelerate/gettingThere/nearestAirportValue: 36f744a7825a20c45fce8114f65d95a2
    accelerate/gettingThere/accommodationsLabel: 84b8a8eb69912dc22943e0f7d8e3c381
    accelerate/gettingThere/accommodationsValue: 43fd7358d7add3e0216ea2eef2e6a511
    accelerate/gettingThere/accommodationsSubValue: 30541c2be7cf29ab0879bdd129f510b9
    accelerate/gettingThere/viewDetailsHere: 1f7633b867b456b0199ca3723e5620bb
    accelerate/gettingThere/nomadzValue: 8b25dac941ce12bab3a9b3554d0562cd
    accelerate/gettingThere/nomadzSubValue: c23b19a226fa90d0d3b9dd6b97aa6c32
    accelerate/gettingThere/nomadzLink: 7e5355fb1b73dfb1d23dce898712c41e
    accelerate/footerCta/dontMiss: 777f42245c08b3651de2dea5aee5a332
    accelerate/footerCta/solana: 063afaeec12ef770134562d69b2215f1
    accelerate/footerCta/accelerate: 6b515ebf555b41692691de0944fa7a35
    accelerate/footerCta/requestToJoin: bdf771b3b4acae77245bc8d7beb14b62
    accelerate/footerCta/limitedTickets: 871513d9e4d84db978cedc9fbf25d29f
    accelerate/footerCta/copyright: 5653148d0e60bbbb248d1c3b2526d977
    accelerate/lumaModal/getTickets: 79ef747fa601eb8767add006eb2264d8
    accelerate/agenda/focusTopics: 004c854944e23abcd37e72e1d51af764
    accelerate/agenda/searchPlaceholder: 6a0eaf9c575be8cfb7c8ee52332de597
    accelerate/agenda/filterByType: 606f2fcd0e97041ae602e38a32b8f417
    accelerate/agenda/types/keynote: d04fcb024d8d14bd9932a9eb62b00996
    accelerate/agenda/types/panel: b8aa494b4044269c0843cb48a2c6c4ce
    accelerate/agenda/types/fireside: 7aaf1654b2b6a8bf4757dd1c343fc8c1
    accelerate/agenda/types/lightning: 7b5ce728a0069fa04e75f6c55a60f7e1
    accelerate/agenda/types/break: fc884cce1909b72b8cd48ca2fc0b0f43
    accelerate/agenda/types/demo: 27d6fdfbcca2dba6e8ba7440251a8c4c
    accelerate/agenda/types/closing: 56ff1de11f13d83b933161c2eb17dafc
    accelerate/agenda/clear: d4c069de3111b7a5df96f3703f199f2f
    accelerate/agenda/moderator: 94ca41f2dc3b993d84d7ab2d703869a9
    accelerate/agenda/mc: 77547401849ab52dd6039d90c4ace77d
    accelerate/agenda/noSessionsMatch: 7184f4d1ce2b360f83ecaf08737fccff
    accelerate/agenda/clearAllFilters: 0bc64da95ec15d9bc7fb12cb77f2838a
    accelerate/agenda/showing: 88fd77e96b33b6e36b939958d2151d57
    accelerate/agenda/of: dbeb569c8bdebe548fc850d7c357a67e
    accelerate/agenda/sessions: a3928000c2b28a8276e699b0372adbb7
    accelerate/agenda/timeHeader: b504a03d52e8001bfdc5cb6205364f42
    accelerate/agenda/sessionHeader: 4618fe0f57ca0c8db90e17eedc351bec
    accelerate/agenda/locationHeader: 036cbdfe32bbe9ad67b5d06ef6a02a16
    accelerate/agendaPage/backToAccelerate: 0f79e9513893c85954e879065c4511b8
    accelerate/agendaPage/dateLocation: 24535f6915bd927502e08b94e354cb9a
    accelerate/agendaPage/conference: d94b5dc46bb5332bf2499c7bd40bb6f3
    accelerate/agendaPage/agendaHighlight: 97fa40d6aa86300bfce8e4978a21087d
    accelerate/agendaPage/description: 14a5e1f1ebf406819169bec91833fcab
    accelerate/agendaPage/readyTo: 1ac7ad5565443a2b95054f022c718be9
    accelerate/agendaPage/accelerateHighlight: 046a5cf1e003f7834307f7fc3eb8276d
    accelerate/agendaPage/requestToJoin: f93fa04c06c57e76d4bfb3dc2c6f78e0
    accelerate/agendaPage/copyright: 5653148d0e60bbbb248d1c3b2526d977
    accelerate/notFound/description: 97612e6230bc7a1ebd99380bf561b732
    accelerate/notFound/backToHome: 2ebd27a1382d68ff1396415a98ac1b48
